
Microsoft Visual Studio Solution File, Format Version 12.00
# Visual Studio Version 17
VisualStudioVersion = 17.11.35312.102
MinimumVisualStudioVersion = 10.0.40219.1
Project("{9A19103F-16F7-4668-BE54-9A1E7A4F7556}") = "Dag1", "Dag1.csproj", "{5FF8C499-87ED-42E4-B44B-1B922E2B0BD6}"
EndProject
Project("{FAE04EC0-301F-11D3-BF4B-00C04F79EFBC}") = "Dag2", "..\Dag2\Dag2.csproj", "{D5F21A62-E843-4B7C-BE21-9A8AE22A74CD}"
EndProject
Global
	GlobalSection(SolutionConfigurationPlatforms) = preSolution
		Debug|Any CPU = Debug|Any CPU
		Release|Any CPU = Release|Any CPU
	EndGlobalSection
	GlobalSection(ProjectConfigurationPlatforms) = postSolution
		{5FF8C499-87ED-42E4-B44B-1B922E2B0BD6}.Debug|Any CPU.ActiveCfg = Debug|Any CPU
		{5FF8C499-87ED-42E4-B44B-1B922E2B0BD6}.Debug|Any CPU.Build.0 = Debug|Any CPU
		{5FF8C499-87ED-42E4-B44B-1B922E2B0BD6}.Release|Any CPU.ActiveCfg = Release|Any CPU
		{5FF8C499-87ED-42E4-B44B-1B922E2B0BD6}.Release|Any CPU.Build.0 = Release|Any CPU
		{D5F21A62-E843-4B7C-BE21-9A8AE22A74CD}.Debug|Any CPU.ActiveCfg = Debug|Any CPU
		{D5F21A62-E843-4B7C-BE21-9A8AE22A74CD}.Debug|Any CPU.Build.0 = Debug|Any CPU
		{D5F21A62-E843-4B7C-BE21-9A8AE22A74CD}.Release|Any CPU.ActiveCfg = Release|Any CPU
		{D5F21A62-E843-4B7C-BE21-9A8AE22A74CD}.Release|Any CPU.Build.0 = Release|Any CPU
	EndGlobalSection
	GlobalSection(SolutionProperties) = preSolution
		HideSolutionNode = FALSE
	EndGlobalSection
	GlobalSection(ExtensibilityGlobals) = postSolution
		SolutionGuid = {8AA917B7-237F-40AD-9CCE-43FBF8C67091}
	EndGlobalSection
EndGlobal
